
Microsoft Visual Studio Solution File, Format Version 12.00
# Visual Studio Version 17
VisualStudioVersion = 17.8.34309.116
MinimumVisualStudioVersion = 10.0.40219.1
Project("{FAE04EC0-301F-11D3-BF4B-00C04F79EFBC}") = "Proc", "Proc.csproj", "{287EEA6D-9EB5-4D2F-9073-9FB4886D793F}"
EndProject
Global
	GlobalSection(SolutionConfigurationPlatforms) = preSolution
		Debug|Any CPU = Debug|Any CPU
		Release|Any CPU = Release|Any CPU
	EndGlobalSection
	GlobalSection(ProjectConfigurationPlatforms) = postSolution
		{287EEA6D-9EB5-4D2F-9073-9FB4886D793F}.Debug|Any CPU.ActiveCfg = Debug|Any CPU
		{287EEA6D-9EB5-4D2F-9073-9FB4886D793F}.Debug|Any CPU.Build.0 = Debug|Any CPU
		{287EEA6D-9EB5-4D2F-9073-9FB4886D793F}.Release|Any CPU.ActiveCfg = Release|Any CPU
		{287EEA6D-9EB5-4D2F-9073-9FB4886D793F}.Release|Any CPU.Build.0 = Release|Any CPU
	EndGlobalSection
	GlobalSection(SolutionProperties) = preSolution
		HideSolutionNode = FALSE
	EndGlobalSection
	GlobalSection(ExtensibilityGlobals) = postSolution
		SolutionGuid = {4C61EAD8-83DE-4598-9A33-298CB96CB1E7}
	EndGlobalSection
EndGlobal
